
Microsoft Visual Studio Solution File, Format Version 12.00
# Visual Studio Version 17
VisualStudioVersion = 17.2.32616.157
MinimumVisualStudioVersion = 10.0.40219.1
Project("{9A19103F-16F7-4668-BE54-9A1E7A4F7556}") = "ApiViajes", "ApiViajes\ApiViajes.csproj", "{EB5FBCAC-E84E-44EE-A916-EA593A49ADD2}"
EndProject
Project("{9A19103F-16F7-4668-BE54-9A1E7A4F7556}") = "Businnes", "Businnes\Businnes.csproj", "{B78081EA-5C17-4CDB-B44E-8B91591E5D69}"
EndProject
Project("{9A19103F-16F7-4668-BE54-9A1E7A4F7556}") = "DataAccess", "DataAccess\DataAccess.csproj", "{2EA78A80-D8D2-4482-871B-1814BC9C6C1F}"
EndProject
Project("{FAE04EC0-301F-11D3-BF4B-00C04F79EFBC}") = "ApixUnitTest", "ApixUnitTest\ApixUnitTest.csproj", "{8BF8DEA6-0241-442C-90A6-0A7C67AE111F}"
EndProject
Global
	GlobalSection(SolutionConfigurationPlatforms) = preSolution
		Debug|Any CPU = Debug|Any CPU
		Release|Any CPU = Release|Any CPU
	EndGlobalSection
	GlobalSection(ProjectConfigurationPlatforms) = postSolution
		{EB5FBCAC-E84E-44EE-A916-EA593A49ADD2}.Debug|Any CPU.ActiveCfg = Debug|Any CPU
		{EB5FBCAC-E84E-44EE-A916-EA593A49ADD2}.Debug|Any CPU.Build.0 = Debug|Any CPU
		{EB5FBCAC-E84E-44EE-A916-EA593A49ADD2}.Release|Any CPU.ActiveCfg = Release|Any CPU
		{EB5FBCAC-E84E-44EE-A916-EA593A49ADD2}.Release|Any CPU.Build.0 = Release|Any CPU
		{B78081EA-5C17-4CDB-B44E-8B91591E5D69}.Debug|Any CPU.ActiveCfg = Debug|Any CPU
		{B78081EA-5C17-4CDB-B44E-8B91591E5D69}.Debug|Any CPU.Build.0 = Debug|Any CPU
		{B78081EA-5C17-4CDB-B44E-8B91591E5D69}.Release|Any CPU.ActiveCfg = Release|Any CPU
		{B78081EA-5C17-4CDB-B44E-8B91591E5D69}.Release|Any CPU.Build.0 = Release|Any CPU
		{2EA78A80-D8D2-4482-871B-1814BC9C6C1F}.Debug|Any CPU.ActiveCfg = Debug|Any CPU
		{2EA78A80-D8D2-4482-871B-1814BC9C6C1F}.Debug|Any CPU.Build.0 = Debug|Any CPU
		{2EA78A80-D8D2-4482-871B-1814BC9C6C1F}.Release|Any CPU.ActiveCfg = Release|Any CPU
		{2EA78A80-D8D2-4482-871B-1814BC9C6C1F}.Release|Any CPU.Build.0 = Release|Any CPU
		{8BF8DEA6-0241-442C-90A6-0A7C67AE111F}.Debug|Any CPU.ActiveCfg = Debug|Any CPU
		{8BF8DEA6-0241-442C-90A6-0A7C67AE111F}.Debug|Any CPU.Build.0 = Debug|Any CPU
		{8BF8DEA6-0241-442C-90A6-0A7C67AE111F}.Release|Any CPU.ActiveCfg = Release|Any CPU
		{8BF8DEA6-0241-442C-90A6-0A7C67AE111F}.Release|Any CPU.Build.0 = Release|Any CPU
	EndGlobalSection
	GlobalSection(SolutionProperties) = preSolution
		HideSolutionNode = FALSE
	EndGlobalSection
	GlobalSection(ExtensibilityGlobals) = postSolution
		SolutionGuid = {60CE7CA0-057C-4C7A-972A-C6A71231063C}
	EndGlobalSection
EndGlobal
